
Microsoft Visual Studio Solution File, Format Version 12.00
# Visual Studio Version 17
VisualStudioVersion = 17.13.35931.197 d17.13
MinimumVisualStudioVersion = 10.0.40219.1
Project("{FAE04EC0-301F-11D3-BF4B-00C04F79EFBC}") = "NPP", "NPP.csproj", "{FA8226CC-75D5-4B90-A020-302B5F0030F9}"
EndProject
Global
	GlobalSection(SolutionConfigurationPlatforms) = preSolution
		Debug|Any CPU = Debug|Any CPU
		Release|Any CPU = Release|Any CPU
	EndGlobalSection
	GlobalSection(ProjectConfigurationPlatforms) = postSolution
		{FA8226CC-75D5-4B90-A020-302B5F0030F9}.Debug|Any CPU.ActiveCfg = Debug|Any CPU
		{FA8226CC-75D5-4B90-A020-302B5F0030F9}.Debug|Any CPU.Build.0 = Debug|Any CPU
		{FA8226CC-75D5-4B90-A020-302B5F0030F9}.Release|Any CPU.ActiveCfg = Release|Any CPU
		{FA8226CC-75D5-4B90-A020-302B5F0030F9}.Release|Any CPU.Build.0 = Release|Any CPU
	EndGlobalSection
	GlobalSection(SolutionProperties) = preSolution
		HideSolutionNode = FALSE
	EndGlobalSection
	GlobalSection(ExtensibilityGlobals) = postSolution
		SolutionGuid = {8E9A3AD4-7F2A-4703-82CE-27EEAC0A53E6}
	EndGlobalSection
EndGlobal
