
Microsoft Visual Studio Solution File, Format Version 12.00
# Visual Studio Version 17
VisualStudioVersion = 17.13.35931.197 d17.13
MinimumVisualStudioVersion = 10.0.40219.1
Project("{FAE04EC0-301F-11D3-BF4B-00C04F79EFBC}") = "REadingPinterest TEST", "REadingPinterest TEST.csproj", "{A1C72053-21E2-4598-90E2-469F018FB550}"
EndProject
Global
	GlobalSection(SolutionConfigurationPlatforms) = preSolution
		Debug|Any CPU = Debug|Any CPU
		Release|Any CPU = Release|Any CPU
	EndGlobalSection
	GlobalSection(ProjectConfigurationPlatforms) = postSolution
		{A1C72053-21E2-4598-90E2-469F018FB550}.Debug|Any CPU.ActiveCfg = Debug|Any CPU
		{A1C72053-21E2-4598-90E2-469F018FB550}.Debug|Any CPU.Build.0 = Debug|Any CPU
		{A1C72053-21E2-4598-90E2-469F018FB550}.Release|Any CPU.ActiveCfg = Release|Any CPU
		{A1C72053-21E2-4598-90E2-469F018FB550}.Release|Any CPU.Build.0 = Release|Any CPU
	EndGlobalSection
	GlobalSection(SolutionProperties) = preSolution
		HideSolutionNode = FALSE
	EndGlobalSection
	GlobalSection(ExtensibilityGlobals) = postSolution
		SolutionGuid = {CD7435C8-2BDC-4BA6-852D-510827FC37A8}
	EndGlobalSection
EndGlobal
