
Microsoft Visual Studio Solution File, Format Version 12.00
# Visual Studio Version 17
VisualStudioVersion = 17.13.35818.85 d17.13
MinimumVisualStudioVersion = 10.0.40219.1
Project("{FAE04EC0-301F-11D3-BF4B-00C04F79EFBC}") = "Telefonni seznam", "Telefonni seznam.csproj", "{80E8A60D-6D22-4AC6-9825-794DFBA99A31}"
EndProject
Global
	GlobalSection(SolutionConfigurationPlatforms) = preSolution
		Debug|Any CPU = Debug|Any CPU
		Release|Any CPU = Release|Any CPU
	EndGlobalSection
	GlobalSection(ProjectConfigurationPlatforms) = postSolution
		{80E8A60D-6D22-4AC6-9825-794DFBA99A31}.Debug|Any CPU.ActiveCfg = Debug|Any CPU
		{80E8A60D-6D22-4AC6-9825-794DFBA99A31}.Debug|Any CPU.Build.0 = Debug|Any CPU
		{80E8A60D-6D22-4AC6-9825-794DFBA99A31}.Release|Any CPU.ActiveCfg = Release|Any CPU
		{80E8A60D-6D22-4AC6-9825-794DFBA99A31}.Release|Any CPU.Build.0 = Release|Any CPU
	EndGlobalSection
	GlobalSection(SolutionProperties) = preSolution
		HideSolutionNode = FALSE
	EndGlobalSection
	GlobalSection(ExtensibilityGlobals) = postSolution
		SolutionGuid = {46038256-CBBD-473E-88E0-9178AEE76C58}
	EndGlobalSection
EndGlobal
